
Microsoft Visual Studio Solution File, Format Version 12.00
# Visual Studio Version 17
VisualStudioVersion = 17.5.33530.505
MinimumVisualStudioVersion = 10.0.40219.1
Project("{FAE04EC0-301F-11D3-BF4B-00C04F79EFBC}") = "Stok.WFUI", "Stok.WFUI\Stok.WFUI.csproj", "{26C7A479-C3F4-48BF-B622-21E12146AFDA}"
EndProject
Project("{FAE04EC0-301F-11D3-BF4B-00C04F79EFBC}") = "Stok.ORM", "Stok.ORM\Stok.ORM.csproj", "{B0261A30-B286-4D6D-8033-3935E9F8A9D0}"
EndProject
Global
	GlobalSection(SolutionConfigurationPlatforms) = preSolution
		Debug|Any CPU = Debug|Any CPU
		Release|Any CPU = Release|Any CPU
	EndGlobalSection
	GlobalSection(ProjectConfigurationPlatforms) = postSolution
		{26C7A479-C3F4-48BF-B622-21E12146AFDA}.Debug|Any CPU.ActiveCfg = Debug|Any CPU
		{26C7A479-C3F4-48BF-B622-21E12146AFDA}.Debug|Any CPU.Build.0 = Debug|Any CPU
		{26C7A479-C3F4-48BF-B622-21E12146AFDA}.Release|Any CPU.ActiveCfg = Release|Any CPU
		{26C7A479-C3F4-48BF-B622-21E12146AFDA}.Release|Any CPU.Build.0 = Release|Any CPU
		{B0261A30-B286-4D6D-8033-3935E9F8A9D0}.Debug|Any CPU.ActiveCfg = Debug|Any CPU
		{B0261A30-B286-4D6D-8033-3935E9F8A9D0}.Debug|Any CPU.Build.0 = Debug|Any CPU
		{B0261A30-B286-4D6D-8033-3935E9F8A9D0}.Release|Any CPU.ActiveCfg = Release|Any CPU
		{B0261A30-B286-4D6D-8033-3935E9F8A9D0}.Release|Any CPU.Build.0 = Release|Any CPU
	EndGlobalSection
	GlobalSection(SolutionProperties) = preSolution
		HideSolutionNode = FALSE
	EndGlobalSection
	GlobalSection(ExtensibilityGlobals) = postSolution
		SolutionGuid = {CAF52A3D-C6DF-4D0F-953E-F5076A4BC9A5}
	EndGlobalSection
EndGlobal
